
Microsoft Visual Studio Solution File, Format Version 12.00
# Visual Studio Version 17
VisualStudioVersion = 17.12.35521.163 d17.12
MinimumVisualStudioVersion = 10.0.40219.1
Project("{FAE04EC0-301F-11D3-BF4B-00C04F79EFBC}") = "AutoSinco.WebApi", "AutoSinco.WebApi\AutoSinco.WebApi.csproj", "{A2FC00CA-A069-4639-979C-357FCDF8F4D2}"
EndProject
Project("{FAE04EC0-301F-11D3-BF4B-00C04F79EFBC}") = "AutoSinco.Infraestructure", "AutoSinco.Infraestructure\AutoSinco.Infraestructure.csproj", "{BC9A2000-8E78-4CAC-8798-45A973B75839}"
EndProject
Project("{FAE04EC0-301F-11D3-BF4B-00C04F79EFBC}") = "AutoSinco.Domain", "AutoSinco.Domain\AutoSinco.Domain.csproj", "{0DEE12D0-12D2-41EA-887C-1EB07AC7012C}"
EndProject
Project("{FAE04EC0-301F-11D3-BF4B-00C04F79EFBC}") = "AutoSinco.Shared", "AutoSinco.Shared\AutoSinco.Shared.csproj", "{F64F1A14-3685-47B3-87DA-81BBE07E7B37}"
EndProject
Project("{FAE04EC0-301F-11D3-BF4B-00C04F79EFBC}") = "AutoSinco.Util", "AutoSinco.Util\AutoSinco.Util.csproj", "{F79C66A8-9E9D-4DD5-A4FE-07337E6C736C}"
EndProject
Global
	GlobalSection(SolutionConfigurationPlatforms) = preSolution
		Debug|Any CPU = Debug|Any CPU
		Release|Any CPU = Release|Any CPU
	EndGlobalSection
	GlobalSection(ProjectConfigurationPlatforms) = postSolution
		{A2FC00CA-A069-4639-979C-357FCDF8F4D2}.Debug|Any CPU.ActiveCfg = Debug|Any CPU
		{A2FC00CA-A069-4639-979C-357FCDF8F4D2}.Debug|Any CPU.Build.0 = Debug|Any CPU
		{A2FC00CA-A069-4639-979C-357FCDF8F4D2}.Release|Any CPU.ActiveCfg = Release|Any CPU
		{A2FC00CA-A069-4639-979C-357FCDF8F4D2}.Release|Any CPU.Build.0 = Release|Any CPU
		{BC9A2000-8E78-4CAC-8798-45A973B75839}.Debug|Any CPU.ActiveCfg = Debug|Any CPU
		{BC9A2000-8E78-4CAC-8798-45A973B75839}.Debug|Any CPU.Build.0 = Debug|Any CPU
		{BC9A2000-8E78-4CAC-8798-45A973B75839}.Release|Any CPU.ActiveCfg = Release|Any CPU
		{BC9A2000-8E78-4CAC-8798-45A973B75839}.Release|Any CPU.Build.0 = Release|Any CPU
		{0DEE12D0-12D2-41EA-887C-1EB07AC7012C}.Debug|Any CPU.ActiveCfg = Debug|Any CPU
		{0DEE12D0-12D2-41EA-887C-1EB07AC7012C}.Debug|Any CPU.Build.0 = Debug|Any CPU
		{0DEE12D0-12D2-41EA-887C-1EB07AC7012C}.Release|Any CPU.ActiveCfg = Release|Any CPU
		{0DEE12D0-12D2-41EA-887C-1EB07AC7012C}.Release|Any CPU.Build.0 = Release|Any CPU
		{F64F1A14-3685-47B3-87DA-81BBE07E7B37}.Debug|Any CPU.ActiveCfg = Debug|Any CPU
		{F64F1A14-3685-47B3-87DA-81BBE07E7B37}.Debug|Any CPU.Build.0 = Debug|Any CPU
		{F64F1A14-3685-47B3-87DA-81BBE07E7B37}.Release|Any CPU.ActiveCfg = Release|Any CPU
		{F64F1A14-3685-47B3-87DA-81BBE07E7B37}.Release|Any CPU.Build.0 = Release|Any CPU
		{F79C66A8-9E9D-4DD5-A4FE-07337E6C736C}.Debug|Any CPU.ActiveCfg = Debug|Any CPU
		{F79C66A8-9E9D-4DD5-A4FE-07337E6C736C}.Debug|Any CPU.Build.0 = Debug|Any CPU
		{F79C66A8-9E9D-4DD5-A4FE-07337E6C736C}.Release|Any CPU.ActiveCfg = Release|Any CPU
		{F79C66A8-9E9D-4DD5-A4FE-07337E6C736C}.Release|Any CPU.Build.0 = Release|Any CPU
	EndGlobalSection
	GlobalSection(SolutionProperties) = preSolution
		HideSolutionNode = FALSE
	EndGlobalSection
EndGlobal
